
Microsoft Visual Studio Solution File, Format Version 12.00
# Visual Studio Version 17
VisualStudioVersion = 17.10.35122.118
MinimumVisualStudioVersion = 10.0.40219.1
Project("{9A19103F-16F7-4668-BE54-9A1E7A4F7556}") = "MvcSample", "MvcSample.csproj", "{2A82BDE7-4194-4C20-B168-D6BA8C241F53}"
	ProjectSection(ProjectDependencies) = postProject
		{05BA9BAA-2BD7-4DF9-A009-5DDDAB3554C4} = {05BA9BAA-2BD7-4DF9-A009-5DDDAB3554C4}
		{2070EAED-8793-4790-AA35-B5B37C3AA180} = {2070EAED-8793-4790-AA35-B5B37C3AA180}
		{3F1D9BD1-DFC7-49A9-B1A3-537A2F55A1F2} = {3F1D9BD1-DFC7-49A9-B1A3-537A2F55A1F2}
		{8AF33060-9A55-407F-8C57-3FE5AE0CBC62} = {8AF33060-9A55-407F-8C57-3FE5AE0CBC62}
	EndProjectSection
EndProject
Project("{9A19103F-16F7-4668-BE54-9A1E7A4F7556}") = "Services", "..\..\Services\Services\Services.csproj", "{C032BDD3-792E-4EE5-80B7-811F520FBA13}"
EndProject
Project("{9A19103F-16F7-4668-BE54-9A1E7A4F7556}") = "Infrastructure", "..\..\Infrastructure\Infrastructure\Infrastructure.csproj", "{2070EAED-8793-4790-AA35-B5B37C3AA180}"
EndProject
Project("{9A19103F-16F7-4668-BE54-9A1E7A4F7556}") = "Domain", "..\..\Domain\Domain\Domain.csproj", "{8AF33060-9A55-407F-8C57-3FE5AE0CBC62}"
EndProject
Project("{2150E333-8FDC-42A3-9474-1A3956D46DE8}") = "Dominio", "Dominio", "{2232AC15-6E01-4C57-B43C-461F55AD1B63}"
EndProject
Project("{2150E333-8FDC-42A3-9474-1A3956D46DE8}") = "Infraestructura", "Infraestructura", "{9BD745B3-37A1-4B04-BD44-8F8D25A2AE83}"
EndProject
Project("{2150E333-8FDC-42A3-9474-1A3956D46DE8}") = "Servicios", "Servicios", "{228D7CC1-DA73-4442-B3A6-787AD2140A36}"
EndProject
Project("{2150E333-8FDC-42A3-9474-1A3956D46DE8}") = "Web", "Web", "{6B4269ED-DD25-4D4E-97ED-014C8A37969F}"
EndProject
Project("{2150E333-8FDC-42A3-9474-1A3956D46DE8}") = "Test", "Test", "{E35D3551-837A-482D-866F-387ADB710569}"
EndProject
Project("{2150E333-8FDC-42A3-9474-1A3956D46DE8}") = "ServicesTest", "ServicesTest", "{DD1D5336-C85F-485E-8CAB-4D0571F84B48}"
EndProject
Project("{9A19103F-16F7-4668-BE54-9A1E7A4F7556}") = "ServicesTest", "..\..\Test\ServicesTest\ServicesTest.csproj", "{3F1D9BD1-DFC7-49A9-B1A3-537A2F55A1F2}"
EndProject
Project("{2150E333-8FDC-42A3-9474-1A3956D46DE8}") = "DomainTest", "DomainTest", "{02EA681E-C7D8-13C7-8484-4AC65E1B71E8}"
EndProject
Project("{FAE04EC0-301F-11D3-BF4B-00C04F79EFBC}") = "DomainTest", "..\..\Test\DomainTest\DomainTest.csproj", "{05BA9BAA-2BD7-4DF9-A009-5DDDAB3554C4}"
EndProject
Global
	GlobalSection(SolutionConfigurationPlatforms) = preSolution
		Debug|Any CPU = Debug|Any CPU
		Release|Any CPU = Release|Any CPU
	EndGlobalSection
	GlobalSection(ProjectConfigurationPlatforms) = postSolution
		{2A82BDE7-4194-4C20-B168-D6BA8C241F53}.Debug|Any CPU.ActiveCfg = Debug|Any CPU
		{2A82BDE7-4194-4C20-B168-D6BA8C241F53}.Debug|Any CPU.Build.0 = Debug|Any CPU
		{2A82BDE7-4194-4C20-B168-D6BA8C241F53}.Release|Any CPU.ActiveCfg = Release|Any CPU
		{2A82BDE7-4194-4C20-B168-D6BA8C241F53}.Release|Any CPU.Build.0 = Release|Any CPU
		{C032BDD3-792E-4EE5-80B7-811F520FBA13}.Debug|Any CPU.ActiveCfg = Debug|Any CPU
		{C032BDD3-792E-4EE5-80B7-811F520FBA13}.Debug|Any CPU.Build.0 = Debug|Any CPU
		{C032BDD3-792E-4EE5-80B7-811F520FBA13}.Release|Any CPU.ActiveCfg = Release|Any CPU
		{C032BDD3-792E-4EE5-80B7-811F520FBA13}.Release|Any CPU.Build.0 = Release|Any CPU
		{2070EAED-8793-4790-AA35-B5B37C3AA180}.Debug|Any CPU.ActiveCfg = Debug|Any CPU
		{2070EAED-8793-4790-AA35-B5B37C3AA180}.Debug|Any CPU.Build.0 = Debug|Any CPU
		{2070EAED-8793-4790-AA35-B5B37C3AA180}.Release|Any CPU.ActiveCfg = Release|Any CPU
		{2070EAED-8793-4790-AA35-B5B37C3AA180}.Release|Any CPU.Build.0 = Release|Any CPU
		{8AF33060-9A55-407F-8C57-3FE5AE0CBC62}.Debug|Any CPU.ActiveCfg = Debug|Any CPU
		{8AF33060-9A55-407F-8C57-3FE5AE0CBC62}.Debug|Any CPU.Build.0 = Debug|Any CPU
		{8AF33060-9A55-407F-8C57-3FE5AE0CBC62}.Release|Any CPU.ActiveCfg = Release|Any CPU
		{8AF33060-9A55-407F-8C57-3FE5AE0CBC62}.Release|Any CPU.Build.0 = Release|Any CPU
		{3F1D9BD1-DFC7-49A9-B1A3-537A2F55A1F2}.Debug|Any CPU.ActiveCfg = Debug|Any CPU
		{3F1D9BD1-DFC7-49A9-B1A3-537A2F55A1F2}.Debug|Any CPU.Build.0 = Debug|Any CPU
		{3F1D9BD1-DFC7-49A9-B1A3-537A2F55A1F2}.Release|Any CPU.ActiveCfg = Release|Any CPU
		{3F1D9BD1-DFC7-49A9-B1A3-537A2F55A1F2}.Release|Any CPU.Build.0 = Release|Any CPU
		{05BA9BAA-2BD7-4DF9-A009-5DDDAB3554C4}.Debug|Any CPU.ActiveCfg = Debug|Any CPU
		{05BA9BAA-2BD7-4DF9-A009-5DDDAB3554C4}.Debug|Any CPU.Build.0 = Debug|Any CPU
		{05BA9BAA-2BD7-4DF9-A009-5DDDAB3554C4}.Release|Any CPU.ActiveCfg = Release|Any CPU
		{05BA9BAA-2BD7-4DF9-A009-5DDDAB3554C4}.Release|Any CPU.Build.0 = Release|Any CPU
	EndGlobalSection
	GlobalSection(SolutionProperties) = preSolution
		HideSolutionNode = FALSE
	EndGlobalSection
	GlobalSection(NestedProjects) = preSolution
		{2A82BDE7-4194-4C20-B168-D6BA8C241F53} = {6B4269ED-DD25-4D4E-97ED-014C8A37969F}
		{C032BDD3-792E-4EE5-80B7-811F520FBA13} = {228D7CC1-DA73-4442-B3A6-787AD2140A36}
		{2070EAED-8793-4790-AA35-B5B37C3AA180} = {9BD745B3-37A1-4B04-BD44-8F8D25A2AE83}
		{8AF33060-9A55-407F-8C57-3FE5AE0CBC62} = {2232AC15-6E01-4C57-B43C-461F55AD1B63}
		{DD1D5336-C85F-485E-8CAB-4D0571F84B48} = {E35D3551-837A-482D-866F-387ADB710569}
		{3F1D9BD1-DFC7-49A9-B1A3-537A2F55A1F2} = {DD1D5336-C85F-485E-8CAB-4D0571F84B48}
		{02EA681E-C7D8-13C7-8484-4AC65E1B71E8} = {E35D3551-837A-482D-866F-387ADB710569}
		{05BA9BAA-2BD7-4DF9-A009-5DDDAB3554C4} = {02EA681E-C7D8-13C7-8484-4AC65E1B71E8}
	EndGlobalSection
	GlobalSection(ExtensibilityGlobals) = postSolution
		SolutionGuid = {C29CDB2C-CA7D-432C-9C46-4FC0C6860DAF}
	EndGlobalSection
EndGlobal
